
Microsoft Visual Studio Solution File, Format Version 12.00
# Visual Studio Version 17
VisualStudioVersion = 17.14.36301.6 d17.14
MinimumVisualStudioVersion = 10.0.40219.1
Project("{FAE04EC0-301F-11D3-BF4B-00C04F79EFBC}") = "Week_2_Assignment", "Week_2_Assignment\Week_2_Assignment.csproj", "{149B2DFC-DAE6-4FE1-AD27-E691E0A8D458}"
EndProject
Global
	GlobalSection(SolutionConfigurationPlatforms) = preSolution
		Debug|Any CPU = Debug|Any CPU
		Release|Any CPU = Release|Any CPU
	EndGlobalSection
	GlobalSection(ProjectConfigurationPlatforms) = postSolution
		{149B2DFC-DAE6-4FE1-AD27-E691E0A8D458}.Debug|Any CPU.ActiveCfg = Debug|Any CPU
		{149B2DFC-DAE6-4FE1-AD27-E691E0A8D458}.Debug|Any CPU.Build.0 = Debug|Any CPU
		{149B2DFC-DAE6-4FE1-AD27-E691E0A8D458}.Release|Any CPU.ActiveCfg = Release|Any CPU
		{149B2DFC-DAE6-4FE1-AD27-E691E0A8D458}.Release|Any CPU.Build.0 = Release|Any CPU
	EndGlobalSection
	GlobalSection(SolutionProperties) = preSolution
		HideSolutionNode = FALSE
	EndGlobalSection
	GlobalSection(ExtensibilityGlobals) = postSolution
		SolutionGuid = {03E41349-3EEB-4F6C-831D-4B2A3AF18577}
	EndGlobalSection
EndGlobal
